
Microsoft Visual Studio Solution File, Format Version 12.00
# Visual Studio Version 16
VisualStudioVersion = 16.0.30413.136
MinimumVisualStudioVersion = 10.0.40219.1
Project("{FAE04EC0-301F-11D3-BF4B-00C04F79EFBC}") = "PetShop", "PetShop\PetShop.csproj", "{6C6021C3-EA63-4951-B873-38E2319A1908}"
EndProject
Global
	GlobalSection(SolutionConfigurationPlatforms) = preSolution
		Debug|Any CPU = Debug|Any CPU
		Release|Any CPU = Release|Any CPU
	EndGlobalSection
	GlobalSection(ProjectConfigurationPlatforms) = postSolution
		{6C6021C3-EA63-4951-B873-38E2319A1908}.Debug|Any CPU.ActiveCfg = Debug|Any CPU
		{6C6021C3-EA63-4951-B873-38E2319A1908}.Debug|Any CPU.Build.0 = Debug|Any CPU
		{6C6021C3-EA63-4951-B873-38E2319A1908}.Release|Any CPU.ActiveCfg = Release|Any CPU
		{6C6021C3-EA63-4951-B873-38E2319A1908}.Release|Any CPU.Build.0 = Release|Any CPU
	EndGlobalSection
	GlobalSection(SolutionProperties) = preSolution
		HideSolutionNode = FALSE
	EndGlobalSection
	GlobalSection(ExtensibilityGlobals) = postSolution
		SolutionGuid = {B2233DB2-CC4B-4E1B-8F86-290A070E957E}
	EndGlobalSection
EndGlobal
